# This file is automatically @generated by Cargo.
# It is not intended for manual editing.
version = 3

[[package]]
name = "ast"
version = "0.1.0"
dependencies = [
 "parser",
]

[[package]]
name = "lexer"
version = "0.1.0"

[[package]]
name = "lisp-desu"
version = "0.1.0"
dependencies = [
 "ast",
 "lexer",
 "parser",
]

[[package]]
name = "parser"
version = "0.1.0"
dependencies = [
 "lexer",
]
